
Microsoft Visual Studio Solution File, Format Version 12.00
# Visual Studio Version 16
VisualStudioVersion = 16.0.31702.278
MinimumVisualStudioVersion = 10.0.40219.1
Project("{FAE04EC0-301F-11D3-BF4B-00C04F79EFBC}") = "Crestiki", "Crestiki\Crestiki.csproj", "{C453D1F3-1B63-4E42-9B14-86AF13CC9467}"
EndProject
Global
	GlobalSection(SolutionConfigurationPlatforms) = preSolution
		Debug|Any CPU = Debug|Any CPU
		Release|Any CPU = Release|Any CPU
	EndGlobalSection
	GlobalSection(ProjectConfigurationPlatforms) = postSolution
		{C453D1F3-1B63-4E42-9B14-86AF13CC9467}.Debug|Any CPU.ActiveCfg = Debug|Any CPU
		{C453D1F3-1B63-4E42-9B14-86AF13CC9467}.Debug|Any CPU.Build.0 = Debug|Any CPU
		{C453D1F3-1B63-4E42-9B14-86AF13CC9467}.Release|Any CPU.ActiveCfg = Release|Any CPU
		{C453D1F3-1B63-4E42-9B14-86AF13CC9467}.Release|Any CPU.Build.0 = Release|Any CPU
	EndGlobalSection
	GlobalSection(SolutionProperties) = preSolution
		HideSolutionNode = FALSE
	EndGlobalSection
	GlobalSection(ExtensibilityGlobals) = postSolution
		SolutionGuid = {D8E8B8E3-DFF4-4B68-B127-83ABB697E434}
	EndGlobalSection
EndGlobal
